# THIS IS AN AUTOGENERATED FILE. DO NOT EDIT THIS FILE DIRECTLY.
# yarn lockfile v1


three@^0.116.1:
  version "0.116.1"
  resolved "https://registry.yarnpkg.com/three/-/three-0.116.1.tgz#a393f7a81fdc3e2fbf57ded5ba47dc5bd3678ce0"
  integrity sha512-l2JCMiA/lVZAuSrLWRYMalvpR+0j8hbIhCpfs4V6JFnw2+JQEQJ5HltNpfFr+9TDpQts1BhtcISehWf/xBGPvQ==
